
Microsoft Visual Studio Solution File, Format Version 12.00
# Visual Studio Version 16
VisualStudioVersion = 16.0.29728.190
MinimumVisualStudioVersion = 10.0.40219.1
Project("{2150E333-8FDC-42A3-9474-1A3956D46DE8}") = "Sorts", "Sorts", "{0E69D2CF-7D10-469B-8736-39BF278B4CD6}"
EndProject
Project("{9A19103F-16F7-4668-BE54-9A1E7A4F7556}") = "Sorts", "Sorts\Sorts\Sorts.csproj", "{45C9CDCD-229F-4BC3-B74D-F26FFB005C76}"
EndProject
Project("{9A19103F-16F7-4668-BE54-9A1E7A4F7556}") = "SortsTests", "Sorts\SortsTests\SortsTests.csproj", "{1E6086A5-07E3-4D7F-9CEE-6E93D87E2D81}"
EndProject
Project("{2150E333-8FDC-42A3-9474-1A3956D46DE8}") = "Algoritms", "Algoritms", "{28CC08E9-3B57-4AC3-93AA-EEBA9082D294}"
EndProject
Project("{9A19103F-16F7-4668-BE54-9A1E7A4F7556}") = "AlgoritmsAndDataStructures", "Algoritms\AlgoritmsAndDatastructures\AlgoritmsAndDataStructures.csproj", "{FEA3EAC8-58A8-410E-BED8-1DE6D5D8F477}"
EndProject
Project("{9A19103F-16F7-4668-BE54-9A1E7A4F7556}") = "FindTests", "Algoritms\FindTests\FindTests.csproj", "{36F22AC2-00CB-4B36-9A7F-3E2CEF475F4C}"
EndProject
Project("{2150E333-8FDC-42A3-9474-1A3956D46DE8}") = "DataStructure", "DataStructure", "{53553E13-675F-4733-B65C-B09FE6B8EF9C}"
EndProject
Project("{9A19103F-16F7-4668-BE54-9A1E7A4F7556}") = "DataStructure", "DataStructure\DataStructure\DataStructure.csproj", "{AA53CCAE-5671-48D5-8AFF-533008F8E5D3}"
EndProject
Project("{9A19103F-16F7-4668-BE54-9A1E7A4F7556}") = "DataStructureTests", "DataStructure\DataStructureTests\DataStructureTests.csproj", "{AA55F6CC-1009-4FBB-854E-ED68DDFB488A}"
EndProject
Global
	GlobalSection(SolutionConfigurationPlatforms) = preSolution
		Debug|Any CPU = Debug|Any CPU
		Release|Any CPU = Release|Any CPU
	EndGlobalSection
	GlobalSection(ProjectConfigurationPlatforms) = postSolution
		{45C9CDCD-229F-4BC3-B74D-F26FFB005C76}.Debug|Any CPU.ActiveCfg = Debug|Any CPU
		{45C9CDCD-229F-4BC3-B74D-F26FFB005C76}.Debug|Any CPU.Build.0 = Debug|Any CPU
		{45C9CDCD-229F-4BC3-B74D-F26FFB005C76}.Release|Any CPU.ActiveCfg = Release|Any CPU
		{45C9CDCD-229F-4BC3-B74D-F26FFB005C76}.Release|Any CPU.Build.0 = Release|Any CPU
		{1E6086A5-07E3-4D7F-9CEE-6E93D87E2D81}.Debug|Any CPU.ActiveCfg = Debug|Any CPU
		{1E6086A5-07E3-4D7F-9CEE-6E93D87E2D81}.Debug|Any CPU.Build.0 = Debug|Any CPU
		{1E6086A5-07E3-4D7F-9CEE-6E93D87E2D81}.Release|Any CPU.ActiveCfg = Release|Any CPU
		{1E6086A5-07E3-4D7F-9CEE-6E93D87E2D81}.Release|Any CPU.Build.0 = Release|Any CPU
		{FEA3EAC8-58A8-410E-BED8-1DE6D5D8F477}.Debug|Any CPU.ActiveCfg = Debug|Any CPU
		{FEA3EAC8-58A8-410E-BED8-1DE6D5D8F477}.Debug|Any CPU.Build.0 = Debug|Any CPU
		{FEA3EAC8-58A8-410E-BED8-1DE6D5D8F477}.Release|Any CPU.ActiveCfg = Release|Any CPU
		{FEA3EAC8-58A8-410E-BED8-1DE6D5D8F477}.Release|Any CPU.Build.0 = Release|Any CPU
		{36F22AC2-00CB-4B36-9A7F-3E2CEF475F4C}.Debug|Any CPU.ActiveCfg = Debug|Any CPU
		{36F22AC2-00CB-4B36-9A7F-3E2CEF475F4C}.Debug|Any CPU.Build.0 = Debug|Any CPU
		{36F22AC2-00CB-4B36-9A7F-3E2CEF475F4C}.Release|Any CPU.ActiveCfg = Release|Any CPU
		{36F22AC2-00CB-4B36-9A7F-3E2CEF475F4C}.Release|Any CPU.Build.0 = Release|Any CPU
		{AA53CCAE-5671-48D5-8AFF-533008F8E5D3}.Debug|Any CPU.ActiveCfg = Debug|Any CPU
		{AA53CCAE-5671-48D5-8AFF-533008F8E5D3}.Debug|Any CPU.Build.0 = Debug|Any CPU
		{AA53CCAE-5671-48D5-8AFF-533008F8E5D3}.Release|Any CPU.ActiveCfg = Release|Any CPU
		{AA53CCAE-5671-48D5-8AFF-533008F8E5D3}.Release|Any CPU.Build.0 = Release|Any CPU
		{AA55F6CC-1009-4FBB-854E-ED68DDFB488A}.Debug|Any CPU.ActiveCfg = Debug|Any CPU
		{AA55F6CC-1009-4FBB-854E-ED68DDFB488A}.Debug|Any CPU.Build.0 = Debug|Any CPU
		{AA55F6CC-1009-4FBB-854E-ED68DDFB488A}.Release|Any CPU.ActiveCfg = Release|Any CPU
		{AA55F6CC-1009-4FBB-854E-ED68DDFB488A}.Release|Any CPU.Build.0 = Release|Any CPU
	EndGlobalSection
	GlobalSection(SolutionProperties) = preSolution
		HideSolutionNode = FALSE
	EndGlobalSection
	GlobalSection(NestedProjects) = preSolution
		{45C9CDCD-229F-4BC3-B74D-F26FFB005C76} = {0E69D2CF-7D10-469B-8736-39BF278B4CD6}
		{1E6086A5-07E3-4D7F-9CEE-6E93D87E2D81} = {0E69D2CF-7D10-469B-8736-39BF278B4CD6}
		{FEA3EAC8-58A8-410E-BED8-1DE6D5D8F477} = {28CC08E9-3B57-4AC3-93AA-EEBA9082D294}
		{36F22AC2-00CB-4B36-9A7F-3E2CEF475F4C} = {28CC08E9-3B57-4AC3-93AA-EEBA9082D294}
		{AA53CCAE-5671-48D5-8AFF-533008F8E5D3} = {53553E13-675F-4733-B65C-B09FE6B8EF9C}
		{AA55F6CC-1009-4FBB-854E-ED68DDFB488A} = {53553E13-675F-4733-B65C-B09FE6B8EF9C}
	EndGlobalSection
	GlobalSection(ExtensibilityGlobals) = postSolution
		SolutionGuid = {FF23E331-B62D-4C6E-B13F-B9043859DA52}
	EndGlobalSection
EndGlobal
